
Microsoft Visual Studio Solution File, Format Version 12.00
# Visual Studio Version 17
VisualStudioVersion = 17.4.33122.133
MinimumVisualStudioVersion = 10.0.40219.1
Project("{8BC9CEB8-8B4A-11D0-8D11-00A0C91BC942}") = "Project6", "Project6\Project6.vcxproj", "{59B2F933-C18D-40D5-94C6-FEFAD43A22AB}"
EndProject
Global
	GlobalSection(SolutionConfigurationPlatforms) = preSolution
		Debug|x64 = Debug|x64
		Debug|x86 = Debug|x86
		Release|x64 = Release|x64
		Release|x86 = Release|x86
	EndGlobalSection
	GlobalSection(ProjectConfigurationPlatforms) = postSolution
		{59B2F933-C18D-40D5-94C6-FEFAD43A22AB}.Debug|x64.ActiveCfg = Debug|x64
		{59B2F933-C18D-40D5-94C6-FEFAD43A22AB}.Debug|x64.Build.0 = Debug|x64
		{59B2F933-C18D-40D5-94C6-FEFAD43A22AB}.Debug|x86.ActiveCfg = Debug|Win32
		{59B2F933-C18D-40D5-94C6-FEFAD43A22AB}.Debug|x86.Build.0 = Debug|Win32
		{59B2F933-C18D-40D5-94C6-FEFAD43A22AB}.Release|x64.ActiveCfg = Release|x64
		{59B2F933-C18D-40D5-94C6-FEFAD43A22AB}.Release|x64.Build.0 = Release|x64
		{59B2F933-C18D-40D5-94C6-FEFAD43A22AB}.Release|x86.ActiveCfg = Release|Win32
		{59B2F933-C18D-40D5-94C6-FEFAD43A22AB}.Release|x86.Build.0 = Release|Win32
	EndGlobalSection
	GlobalSection(SolutionProperties) = preSolution
		HideSolutionNode = FALSE
	EndGlobalSection
	GlobalSection(ExtensibilityGlobals) = postSolution
		SolutionGuid = {4B35359E-2F56-4045-9F97-82BA5B98E3DF}
	EndGlobalSection
EndGlobal
